
Microsoft Visual Studio Solution File, Format Version 12.00
# Visual Studio Version 17
VisualStudioVersion = 17.0.32112.339
MinimumVisualStudioVersion = 10.0.40219.1
Project("{9A19103F-16F7-4668-BE54-9A1E7A4F7556}") = "DiscordBotWebApi", "DiscordBotWebApi\DiscordBotWebApi.csproj", "{30D5EC1A-8EF6-40CF-80B3-23F1D5FC0AAB}"
EndProject
Project("{9A19103F-16F7-4668-BE54-9A1E7A4F7556}") = "Interfaces", "Interfaces\Interfaces.csproj", "{AAE57739-DF7B-4C37-B14F-3FD2F9C65172}"
EndProject
Project("{9A19103F-16F7-4668-BE54-9A1E7A4F7556}") = "Options", "Options\Options.csproj", "{1BFDF68D-4A15-4578-87F5-E326D46DBB19}"
EndProject
Project("{9A19103F-16F7-4668-BE54-9A1E7A4F7556}") = "Models", "Models\Models.csproj", "{9D196FEE-2AE9-48BE-A629-1A25B47FBAE1}"
EndProject
Project("{9A19103F-16F7-4668-BE54-9A1E7A4F7556}") = "DTOModels", "DTOModels\DTOModels.csproj", "{E8559488-8947-469C-A74A-071D736BAB52}"
EndProject
Project("{9A19103F-16F7-4668-BE54-9A1E7A4F7556}") = "ThemeWebApi", "ThemeWebApi\ThemeWebApi.csproj", "{06E5CC7D-430A-408A-BFF7-9B016ECB3B6C}"
EndProject
Project("{9A19103F-16F7-4668-BE54-9A1E7A4F7556}") = "Infrastructure", "Infrastructure\Infrastructure.csproj", "{7327D0A8-95AD-4238-B378-44654D3D3C6A}"
EndProject
Project("{FAE04EC0-301F-11D3-BF4B-00C04F79EFBC}") = "Enums", "Enums\Enums.csproj", "{78AF6DD1-3170-4B16-ADC7-F0D036AF6B0D}"
EndProject
Global
	GlobalSection(SolutionConfigurationPlatforms) = preSolution
		Debug|Any CPU = Debug|Any CPU
		Release|Any CPU = Release|Any CPU
	EndGlobalSection
	GlobalSection(ProjectConfigurationPlatforms) = postSolution
		{30D5EC1A-8EF6-40CF-80B3-23F1D5FC0AAB}.Debug|Any CPU.ActiveCfg = Debug|Any CPU
		{30D5EC1A-8EF6-40CF-80B3-23F1D5FC0AAB}.Debug|Any CPU.Build.0 = Debug|Any CPU
		{30D5EC1A-8EF6-40CF-80B3-23F1D5FC0AAB}.Release|Any CPU.ActiveCfg = Release|Any CPU
		{30D5EC1A-8EF6-40CF-80B3-23F1D5FC0AAB}.Release|Any CPU.Build.0 = Release|Any CPU
		{AAE57739-DF7B-4C37-B14F-3FD2F9C65172}.Debug|Any CPU.ActiveCfg = Debug|Any CPU
		{AAE57739-DF7B-4C37-B14F-3FD2F9C65172}.Debug|Any CPU.Build.0 = Debug|Any CPU
		{AAE57739-DF7B-4C37-B14F-3FD2F9C65172}.Release|Any CPU.ActiveCfg = Release|Any CPU
		{AAE57739-DF7B-4C37-B14F-3FD2F9C65172}.Release|Any CPU.Build.0 = Release|Any CPU
		{1BFDF68D-4A15-4578-87F5-E326D46DBB19}.Debug|Any CPU.ActiveCfg = Debug|Any CPU
		{1BFDF68D-4A15-4578-87F5-E326D46DBB19}.Debug|Any CPU.Build.0 = Debug|Any CPU
		{1BFDF68D-4A15-4578-87F5-E326D46DBB19}.Release|Any CPU.ActiveCfg = Release|Any CPU
		{1BFDF68D-4A15-4578-87F5-E326D46DBB19}.Release|Any CPU.Build.0 = Release|Any CPU
		{9D196FEE-2AE9-48BE-A629-1A25B47FBAE1}.Debug|Any CPU.ActiveCfg = Debug|Any CPU
		{9D196FEE-2AE9-48BE-A629-1A25B47FBAE1}.Debug|Any CPU.Build.0 = Debug|Any CPU
		{9D196FEE-2AE9-48BE-A629-1A25B47FBAE1}.Release|Any CPU.ActiveCfg = Release|Any CPU
		{9D196FEE-2AE9-48BE-A629-1A25B47FBAE1}.Release|Any CPU.Build.0 = Release|Any CPU
		{E8559488-8947-469C-A74A-071D736BAB52}.Debug|Any CPU.ActiveCfg = Debug|Any CPU
		{E8559488-8947-469C-A74A-071D736BAB52}.Debug|Any CPU.Build.0 = Debug|Any CPU
		{E8559488-8947-469C-A74A-071D736BAB52}.Release|Any CPU.ActiveCfg = Release|Any CPU
		{E8559488-8947-469C-A74A-071D736BAB52}.Release|Any CPU.Build.0 = Release|Any CPU
		{06E5CC7D-430A-408A-BFF7-9B016ECB3B6C}.Debug|Any CPU.ActiveCfg = Debug|Any CPU
		{06E5CC7D-430A-408A-BFF7-9B016ECB3B6C}.Debug|Any CPU.Build.0 = Debug|Any CPU
		{06E5CC7D-430A-408A-BFF7-9B016ECB3B6C}.Release|Any CPU.ActiveCfg = Release|Any CPU
		{06E5CC7D-430A-408A-BFF7-9B016ECB3B6C}.Release|Any CPU.Build.0 = Release|Any CPU
		{7327D0A8-95AD-4238-B378-44654D3D3C6A}.Debug|Any CPU.ActiveCfg = Debug|Any CPU
		{7327D0A8-95AD-4238-B378-44654D3D3C6A}.Debug|Any CPU.Build.0 = Debug|Any CPU
		{7327D0A8-95AD-4238-B378-44654D3D3C6A}.Release|Any CPU.ActiveCfg = Release|Any CPU
		{7327D0A8-95AD-4238-B378-44654D3D3C6A}.Release|Any CPU.Build.0 = Release|Any CPU
		{78AF6DD1-3170-4B16-ADC7-F0D036AF6B0D}.Debug|Any CPU.ActiveCfg = Debug|Any CPU
		{78AF6DD1-3170-4B16-ADC7-F0D036AF6B0D}.Debug|Any CPU.Build.0 = Debug|Any CPU
		{78AF6DD1-3170-4B16-ADC7-F0D036AF6B0D}.Release|Any CPU.ActiveCfg = Release|Any CPU
		{78AF6DD1-3170-4B16-ADC7-F0D036AF6B0D}.Release|Any CPU.Build.0 = Release|Any CPU
	EndGlobalSection
	GlobalSection(SolutionProperties) = preSolution
		HideSolutionNode = FALSE
	EndGlobalSection
	GlobalSection(ExtensibilityGlobals) = postSolution
		SolutionGuid = {258F3C31-BAE2-47B2-B794-5E1D12A820B6}
	EndGlobalSection
EndGlobal
